
Microsoft Visual Studio Solution File, Format Version 12.00
# Visual Studio Version 17
VisualStudioVersion = 17.13.35931.197
MinimumVisualStudioVersion = 10.0.40219.1
Project("{FAE04EC0-301F-11D3-BF4B-00C04F79EFBC}") = "BulkyApp", "bulkyApp\BulkyApp.csproj", "{C5D50D71-A4AE-4499-8F10-28FF3474A9B6}"
EndProject
Project("{FAE04EC0-301F-11D3-BF4B-00C04F79EFBC}") = "Bulky.DataAccess", "Bulky.DataAccess\Bulky.DataAccess.csproj", "{9EBAD6E4-EFCC-4856-81F3-9A4ECE802112}"
EndProject
Project("{FAE04EC0-301F-11D3-BF4B-00C04F79EFBC}") = "Bulky.Model", "Bulky.Model\Bulky.Model.csproj", "{8BAA25DE-69E4-4776-8F5D-E61055158579}"
EndProject
Project("{FAE04EC0-301F-11D3-BF4B-00C04F79EFBC}") = "Bulky.Utility", "Bulky.Utility\Bulky.Utility.csproj", "{98DCDFF3-BF09-4227-B5C5-67C7EB14065A}"
EndProject
Global
	GlobalSection(SolutionConfigurationPlatforms) = preSolution
		Debug|Any CPU = Debug|Any CPU
		Release|Any CPU = Release|Any CPU
	EndGlobalSection
	GlobalSection(ProjectConfigurationPlatforms) = postSolution
		{C5D50D71-A4AE-4499-8F10-28FF3474A9B6}.Debug|Any CPU.ActiveCfg = Debug|Any CPU
		{C5D50D71-A4AE-4499-8F10-28FF3474A9B6}.Debug|Any CPU.Build.0 = Debug|Any CPU
		{C5D50D71-A4AE-4499-8F10-28FF3474A9B6}.Release|Any CPU.ActiveCfg = Release|Any CPU
		{C5D50D71-A4AE-4499-8F10-28FF3474A9B6}.Release|Any CPU.Build.0 = Release|Any CPU
		{9EBAD6E4-EFCC-4856-81F3-9A4ECE802112}.Debug|Any CPU.ActiveCfg = Debug|Any CPU
		{9EBAD6E4-EFCC-4856-81F3-9A4ECE802112}.Debug|Any CPU.Build.0 = Debug|Any CPU
		{9EBAD6E4-EFCC-4856-81F3-9A4ECE802112}.Release|Any CPU.ActiveCfg = Release|Any CPU
		{9EBAD6E4-EFCC-4856-81F3-9A4ECE802112}.Release|Any CPU.Build.0 = Release|Any CPU
		{8BAA25DE-69E4-4776-8F5D-E61055158579}.Debug|Any CPU.ActiveCfg = Debug|Any CPU
		{8BAA25DE-69E4-4776-8F5D-E61055158579}.Debug|Any CPU.Build.0 = Debug|Any CPU
		{8BAA25DE-69E4-4776-8F5D-E61055158579}.Release|Any CPU.ActiveCfg = Release|Any CPU
		{8BAA25DE-69E4-4776-8F5D-E61055158579}.Release|Any CPU.Build.0 = Release|Any CPU
		{98DCDFF3-BF09-4227-B5C5-67C7EB14065A}.Debug|Any CPU.ActiveCfg = Debug|Any CPU
		{98DCDFF3-BF09-4227-B5C5-67C7EB14065A}.Debug|Any CPU.Build.0 = Debug|Any CPU
		{98DCDFF3-BF09-4227-B5C5-67C7EB14065A}.Release|Any CPU.ActiveCfg = Release|Any CPU
		{98DCDFF3-BF09-4227-B5C5-67C7EB14065A}.Release|Any CPU.Build.0 = Release|Any CPU
	EndGlobalSection
	GlobalSection(SolutionProperties) = preSolution
		HideSolutionNode = FALSE
	EndGlobalSection
	GlobalSection(ExtensibilityGlobals) = postSolution
		SolutionGuid = {A95B269B-E4E1-4DE7-AC92-D481B2E97D14}
	EndGlobalSection
EndGlobal
